
Microsoft Visual Studio Solution File, Format Version 12.00
# Visual Studio 14
VisualStudioVersion = 14.0.25420.1
MinimumVisualStudioVersion = 10.0.40219.1
Project("{FAE04EC0-301F-11D3-BF4B-00C04F79EFBC}") = "GM 6 FastBoot Rom", "GM 6 FastBoot Rom\GM 6 FastBoot Rom.csproj", "{A271EBCF-8364-4760-B597-EC3087E1B0F7}"
EndProject
Global
	GlobalSection(SolutionConfigurationPlatforms) = preSolution
		Debug|Any CPU = Debug|Any CPU
		Release|Any CPU = Release|Any CPU
	EndGlobalSection
	GlobalSection(ProjectConfigurationPlatforms) = postSolution
		{A271EBCF-8364-4760-B597-EC3087E1B0F7}.Debug|Any CPU.ActiveCfg = Debug|Any CPU
		{A271EBCF-8364-4760-B597-EC3087E1B0F7}.Debug|Any CPU.Build.0 = Debug|Any CPU
		{A271EBCF-8364-4760-B597-EC3087E1B0F7}.Release|Any CPU.ActiveCfg = Release|Any CPU
		{A271EBCF-8364-4760-B597-EC3087E1B0F7}.Release|Any CPU.Build.0 = Release|Any CPU
	EndGlobalSection
	GlobalSection(SolutionProperties) = preSolution
		HideSolutionNode = FALSE
	EndGlobalSection
EndGlobal
